{
  "name": "hk-mahjong-project",
  "version": "1.0.0",
  "lockfileVersion": 2,
  "requires": true,
  "packages": {
    "": {
      "name": "hk-mahjong-project",
      "version": "1.0.0",
      "license": "ISC",
      "dependencies": {
        "hk-mahjong": "^3.2.0"
      }
    },
    "node_modules/grapheme-splitter": {
      "version": "1.0.4",
      "resolved": "https://registry.npmjs.org/grapheme-splitter/-/grapheme-splitter-1.0.4.tgz",
      "integrity": "sha512-bzh50DW9kTPM00T8y4o8vQg89Di9oLJVLW/KaOGIXJWP/iqCN6WKYkbNOF04vFLJhwcpYUh9ydh/+5vpOqV4YQ=="
    },
    "node_modules/hk-mahjong": {
      "version": "3.2.0",
      "resolved": "https://registry.npmjs.org/hk-mahjong/-/hk-mahjong-3.2.0.tgz",
      "integrity": "sha512-8ciKze/rT22WG0tPmJl74fRpzfgNvViawxs0BDYZuyGmORMu9xZvKlInL8vaesD3ZlIjC41lSHuGr6ni8tOsUA==",
      "dependencies": {
        "grapheme-splitter": "^1.0.4"
      }
    }
  },
  "dependencies": {
    "grapheme-splitter": {
      "version": "1.0.4",
      "resolved": "https://registry.npmjs.org/grapheme-splitter/-/grapheme-splitter-1.0.4.tgz",
      "integrity": "sha512-bzh50DW9kTPM00T8y4o8vQg89Di9oLJVLW/KaOGIXJWP/iqCN6WKYkbNOF04vFLJhwcpYUh9ydh/+5vpOqV4YQ=="
    },
    "hk-mahjong": {
      "version": "3.2.0",
      "resolved": "https://registry.npmjs.org/hk-mahjong/-/hk-mahjong-3.2.0.tgz",
      "integrity": "sha512-8ciKze/rT22WG0tPmJl74fRpzfgNvViawxs0BDYZuyGmORMu9xZvKlInL8vaesD3ZlIjC41lSHuGr6ni8tOsUA==",
      "requires": {
        "grapheme-splitter": "^1.0.4"
      }
    }
  }
}
